
Microsoft Visual Studio Solution File, Format Version 12.00
# Visual Studio Version 16
VisualStudioVersion = 16.0.30907.101
MinimumVisualStudioVersion = 10.0.40219.1
Project("{9A19103F-16F7-4668-BE54-9A1E7A4F7556}") = "Authorization", "Authorization.csproj", "{FCC62FFE-EE31-4FB1-9C8A-7D80A929F47F}"
EndProject
Global
	GlobalSection(SolutionConfigurationPlatforms) = preSolution
		Debug|Any CPU = Debug|Any CPU
		Release|Any CPU = Release|Any CPU
	EndGlobalSection
	GlobalSection(ProjectConfigurationPlatforms) = postSolution
		{FCC62FFE-EE31-4FB1-9C8A-7D80A929F47F}.Debug|Any CPU.ActiveCfg = Debug|Any CPU
		{FCC62FFE-EE31-4FB1-9C8A-7D80A929F47F}.Debug|Any CPU.Build.0 = Debug|Any CPU
		{FCC62FFE-EE31-4FB1-9C8A-7D80A929F47F}.Release|Any CPU.ActiveCfg = Release|Any CPU
		{FCC62FFE-EE31-4FB1-9C8A-7D80A929F47F}.Release|Any CPU.Build.0 = Release|Any CPU
	EndGlobalSection
	GlobalSection(SolutionProperties) = preSolution
		HideSolutionNode = FALSE
	EndGlobalSection
	GlobalSection(ExtensibilityGlobals) = postSolution
		SolutionGuid = {AFBEDA0B-BF71-4229-8B68-B793F68F9E21}
	EndGlobalSection
EndGlobal
